
Microsoft Visual Studio Solution File, Format Version 12.00
# Visual Studio 15
VisualStudioVersion = 15.0.27428.2002
MinimumVisualStudioVersion = 10.0.40219.1
Project("{8BC9CEB8-8B4A-11D0-8D11-00A0C91BC942}") = "베르트랑 공준", "베르트랑 공준\베르트랑 공준.vcxproj", "{E0C0743D-F366-43CB-A4C9-A672AA8CB786}"
EndProject
Global
	GlobalSection(SolutionConfigurationPlatforms) = preSolution
		Debug|x64 = Debug|x64
		Debug|x86 = Debug|x86
		Release|x64 = Release|x64
		Release|x86 = Release|x86
	EndGlobalSection
	GlobalSection(ProjectConfigurationPlatforms) = postSolution
		{E0C0743D-F366-43CB-A4C9-A672AA8CB786}.Debug|x64.ActiveCfg = Debug|x64
		{E0C0743D-F366-43CB-A4C9-A672AA8CB786}.Debug|x64.Build.0 = Debug|x64
		{E0C0743D-F366-43CB-A4C9-A672AA8CB786}.Debug|x86.ActiveCfg = Debug|Win32
		{E0C0743D-F366-43CB-A4C9-A672AA8CB786}.Debug|x86.Build.0 = Debug|Win32
		{E0C0743D-F366-43CB-A4C9-A672AA8CB786}.Release|x64.ActiveCfg = Release|x64
		{E0C0743D-F366-43CB-A4C9-A672AA8CB786}.Release|x64.Build.0 = Release|x64
		{E0C0743D-F366-43CB-A4C9-A672AA8CB786}.Release|x86.ActiveCfg = Release|Win32
		{E0C0743D-F366-43CB-A4C9-A672AA8CB786}.Release|x86.Build.0 = Release|Win32
	EndGlobalSection
	GlobalSection(SolutionProperties) = preSolution
		HideSolutionNode = FALSE
	EndGlobalSection
	GlobalSection(ExtensibilityGlobals) = postSolution
		SolutionGuid = {ADEA4832-B3D5-4F9D-810F-B2D126893335}
	EndGlobalSection
EndGlobal
